// !$*UTF8*$!
{
	archiveVersion = 1;
	classes = {
	};
	objectVersion = 77;
	objects = {

/* Begin PBXBuildFile section */
		E47D90592E412287005A0292 /* Stripe in Frameworks */ = {isa = PBXBuildFile; productRef = E47D90582E412287005A0292 /* Stripe */; };
		E47D905B2E412287005A0292 /* StripeApplePay in Frameworks */ = {isa = PBXBuildFile; productRef = E47D905A2E412287005A0292 /* StripeApplePay */; };
		E47D905E2E412FF3005A0292 /* StoreKit.framework in Frameworks */ = {isa = PBXBuildFile; fileRef = E47D905D2E412FF3005A0292 /* StoreKit.framework */; };
		E4A7ED1E2E55189E006249A1 /* FirebaseFirestore in Frameworks */ = {isa = PBXBuildFile; productRef = E4A7ED1D2E55189E006249A1 /* FirebaseFirestore */; };
		E4A7ED202E5518A9006249A1 /* FirebaseAuth in Frameworks */ = {isa = PBXBuildFile; productRef = E4A7ED1F2E5518A9006249A1 /* FirebaseAuth */; };
		E4A7ED3A2E581831006249A1 /* FirebaseStorage in Frameworks */ = {isa = PBXBuildFile; productRef = E4A7ED392E581831006249A1 /* FirebaseStorage */; };
/* End PBXBuildFile section */

/* Begin PBXContainerItemProxy section */
		E4CBA0D52E334C7600B05A42 /* PBXContainerItemProxy */ = {
			isa = PBXContainerItemProxy;
			containerPortal = E4CBA0BA2E334C7500B05A42 /* Project object */;
			proxyType = 1;
			remoteGlobalIDString = E4CBA0C12E334C7500B05A42;
			remoteInfo = HealthGuide;
		};
		E4CBA0DF2E334C7600B05A42 /* PBXContainerItemProxy */ = {
			isa = PBXContainerItemProxy;
			containerPortal = E4CBA0BA2E334C7500B05A42 /* Project object */;
			proxyType = 1;
			remoteGlobalIDString = E4CBA0C12E334C7500B05A42;
			remoteInfo = HealthGuide;
		};
/* End PBXContainerItemProxy section */

/* Begin PBXFileReference section */
		E47D905D2E412FF3005A0292 /* StoreKit.framework */ = {isa = PBXFileReference; lastKnownFileType = wrapper.framework; name = StoreKit.framework; path = System/Library/Frameworks/StoreKit.framework; sourceTree = SDKROOT; };
		E4CBA0C22E334C7500B05A42 /* HealthGuide.app */ = {isa = PBXFileReference; explicitFileType = wrapper.application; includeInIndex = 0; path = HealthGuide.app; sourceTree = BUILT_PRODUCTS_DIR; };
		E4CBA0D42E334C7600B05A42 /* HealthGuideTests.xctest */ = {isa = PBXFileReference; explicitFileType = wrapper.cfbundle; includeInIndex = 0; path = HealthGuideTests.xctest; sourceTree = BUILT_PRODUCTS_DIR; };
		E4CBA0DE2E334C7600B05A42 /* HealthGuideUITests.xctest */ = {isa = PBXFileReference; explicitFileType = wrapper.cfbundle; includeInIndex = 0; path = HealthGuideUITests.xctest; sourceTree = BUILT_PRODUCTS_DIR; };
/* End PBXFileReference section */

/* Begin PBXFileSystemSynchronizedBuildFileExceptionSet section */
		E4CBA0F42E3353B900B05A42 /* Exceptions for "HealthGuide" folder in "HealthGuide" target */ = {
			isa = PBXFileSystemSynchronizedBuildFileExceptionSet;
			membershipExceptions = (
				Info.plist,
			);
			target = E4CBA0C12E334C7500B05A42 /* HealthGuide */;
		};
/* End PBXFileSystemSynchronizedBuildFileExceptionSet section */

/* Begin PBXFileSystemSynchronizedRootGroup section */
		E4CBA0C42E334C7500B05A42 /* HealthGuide */ = {
			isa = PBXFileSystemSynchronizedRootGroup;
			exceptions = (
				E4CBA0F42E3353B900B05A42 /* Exceptions for "HealthGuide" folder in "HealthGuide" target */,
			);
			path = HealthGuide;
			sourceTree = "<group>";
		};
		E4CBA0D72E334C7600B05A42 /* HealthGuideTests */ = {
			isa = PBXFileSystemSynchronizedRootGroup;
			path = HealthGuideTests;
			sourceTree = "<group>";
		};
		E4CBA0E12E334C7600B05A42 /* HealthGuideUITests */ = {
			isa = PBXFileSystemSynchronizedRootGroup;
			path = HealthGuideUITests;
			sourceTree = "<group>";
		};
/* End PBXFileSystemSynchronizedRootGroup section */

/* Begin PBXFrameworksBuildPhase section */
		E4CBA0BF2E334C7500B05A42 /* Frameworks */ = {
			isa = PBXFrameworksBuildPhase;
			buildActionMask = 2147483647;
			files = (
				E47D905E2E412FF3005A0292 /* StoreKit.framework in Frameworks */,
				E4A7ED202E5518A9006249A1 /* FirebaseAuth in Frameworks */,
				E4A7ED1E2E55189E006249A1 /* FirebaseFirestore in Frameworks */,
				E47D90592E412287005A0292 /* Stripe in Frameworks */,
				E47D905B2E412287005A0292 /* StripeApplePay in Frameworks */,
				E4A7ED3A2E581831006249A1 /* FirebaseStorage in Frameworks */,
			);
			runOnlyForDeploymentPostprocessing = 0;
		};
		E4CBA0D12E334C7600B05A42 /* Frameworks */ = {
			isa = PBXFrameworksBuildPhase;
			buildActionMask = 2147483647;
			files = (
			);
			runOnlyForDeploymentPostprocessing = 0;
		};
		E4CBA0DB2E334C7600B05A42 /* Frameworks */ = {
			isa = PBXFrameworksBuildPhase;
			buildActionMask = 2147483647;
			files = (
			);
			runOnlyForDeploymentPostprocessing = 0;
		};
/* End PBXFrameworksBuildPhase section */

/* Begin PBXGroup section */
		E47D905C2E412FF2005A0292 /* Frameworks */ = {
			isa = PBXGroup;
			children = (
				E47D905D2E412FF3005A0292 /* StoreKit.framework */,
			);
			name = Frameworks;
			sourceTree = "<group>";
		};
		E4CBA0B92E334C7500B05A42 = {
			isa = PBXGroup;
			children = (
				E4CBA0C42E334C7500B05A42 /* HealthGuide */,
				E4CBA0D72E334C7600B05A42 /* HealthGuideTests */,
				E4CBA0E12E334C7600B05A42 /* HealthGuideUITests */,
				E47D905C2E412FF2005A0292 /* Frameworks */,
				E4CBA0C32E334C7500B05A42 /* Products */,
			);
			sourceTree = "<group>";
		};
		E4CBA0C32E334C7500B05A42 /* Products */ = {
			isa = PBXGroup;
			children = (
				E4CBA0C22E334C7500B05A42 /* HealthGuide.app */,
				E4CBA0D42E334C7600B05A42 /* HealthGuideTests.xctest */,
				E4CBA0DE2E334C7600B05A42 /* HealthGuideUITests.xctest */,
			);
			name = Products;
			sourceTree = "<group>";
		};
/* End PBXGroup section */

/* Begin PBXNativeTarget section */
		E4CBA0C12E334C7500B05A42 /* HealthGuide */ = {
			isa = PBXNativeTarget;
			buildConfigurationList = E4CBA0E82E334C7600B05A42 /* Build configuration list for PBXNativeTarget "HealthGuide" */;
			buildPhases = (
				E4CBA0BE2E334C7500B05A42 /* Sources */,
				E4CBA0BF2E334C7500B05A42 /* Frameworks */,
				E4CBA0C02E334C7500B05A42 /* Resources */,
			);
			buildRules = (
			);
			dependencies = (
			);
			fileSystemSynchronizedGroups = (
				E4CBA0C42E334C7500B05A42 /* HealthGuide */,
			);
			name = HealthGuide;
			packageProductDependencies = (
				E47D90582E412287005A0292 /* Stripe */,
				E47D905A2E412287005A0292 /* StripeApplePay */,
				E4A7ED1D2E55189E006249A1 /* FirebaseFirestore */,
				E4A7ED1F2E5518A9006249A1 /* FirebaseAuth */,
				E4A7ED392E581831006249A1 /* FirebaseStorage */,
			);
			productName = HealthGuide;
			productReference = E4CBA0C22E334C7500B05A42 /* HealthGuide.app */;
			productType = "com.apple.product-type.application";
		};
		E4CBA0D32E334C7600B05A42 /* HealthGuideTests */ = {
			isa = PBXNativeTarget;
			buildConfigurationList = E4CBA0EB2E334C7600B05A42 /* Build configuration list for PBXNativeTarget "HealthGuideTests" */;
			buildPhases = (
				E4CBA0D02E334C7600B05A42 /* Sources */,
				E4CBA0D12E334C7600B05A42 /* Frameworks */,
				E4CBA0D22E334C7600B05A42 /* Resources */,
			);
			buildRules = (
			);
			dependencies = (
				E4CBA0D62E334C7600B05A42 /* PBXTargetDependency */,
			);
			fileSystemSynchronizedGroups = (
				E4CBA0D72E334C7600B05A42 /* HealthGuideTests */,
			);
			name = HealthGuideTests;
			packageProductDependencies = (
			);
			productName = HealthGuideTests;
			productReference = E4CBA0D42E334C7600B05A42 /* HealthGuideTests.xctest */;
			productType = "com.apple.product-type.bundle.unit-test";
		};
		E4CBA0DD2E334C7600B05A42 /* HealthGuideUITests */ = {
			isa = PBXNativeTarget;
			buildConfigurationList = E4CBA0EE2E334C7600B05A42 /* Build configuration list for PBXNativeTarget "HealthGuideUITests" */;
			buildPhases = (
				E4CBA0DA2E334C7600B05A42 /* Sources */,
				E4CBA0DB2E334C7600B05A42 /* Frameworks */,
				E4CBA0DC2E334C7600B05A42 /* Resources */,
			);
			buildRules = (
			);
			dependencies = (
				E4CBA0E02E334C7600B05A42 /* PBXTargetDependency */,
			);
			fileSystemSynchronizedGroups = (
				E4CBA0E12E334C7600B05A42 /* HealthGuideUITests */,
			);
			name = HealthGuideUITests;
			packageProductDependencies = (
			);
			productName = HealthGuideUITests;
			productReference = E4CBA0DE2E334C7600B05A42 /* HealthGuideUITests.xctest */;
			productType = "com.apple.product-type.bundle.ui-testing";
		};
/* End PBXNativeTarget section */

/* Begin PBXProject section */
		E4CBA0BA2E334C7500B05A42 /* Project object */ = {
			isa = PBXProject;
			attributes = {
				BuildIndependentTargetsInParallel = 1;
				LastSwiftUpdateCheck = 1640;
				LastUpgradeCheck = 1640;
				TargetAttributes = {
					E4CBA0C12E334C7500B05A42 = {
						CreatedOnToolsVersion = 16.4;
					};
					E4CBA0D32E334C7600B05A42 = {
						CreatedOnToolsVersion = 16.4;
						TestTargetID = E4CBA0C12E334C7500B05A42;
					};
					E4CBA0DD2E334C7600B05A42 = {
						CreatedOnToolsVersion = 16.4;
						TestTargetID = E4CBA0C12E334C7500B05A42;
					};
				};
			};
			buildConfigurationList = E4CBA0BD2E334C7500B05A42 /* Build configuration list for PBXProject "HealthGuide" */;
			developmentRegion = en;
			hasScannedForEncodings = 0;
			knownRegions = (
				en,
				Base,
			);
			mainGroup = E4CBA0B92E334C7500B05A42;
			minimizedProjectReferenceProxies = 1;
			packageReferences = (
				E47D90572E412287005A0292 /* XCRemoteSwiftPackageReference "stripe-ios" */,
				E4A7ED122E55121C006249A1 /* XCRemoteSwiftPackageReference "firebase-ios-sdk" */,
			);
			preferredProjectObjectVersion = 77;
			productRefGroup = E4CBA0C32E334C7500B05A42 /* Products */;
			projectDirPath = "";
			projectRoot = "";
			targets = (
				E4CBA0C12E334C7500B05A42 /* HealthGuide */,
				E4CBA0D32E334C7600B05A42 /* HealthGuideTests */,
				E4CBA0DD2E334C7600B05A42 /* HealthGuideUITests */,
			);
		};
/* End PBXProject section */

/* Begin PBXResourcesBuildPhase section */
		E4CBA0C02E334C7500B05A42 /* Resources */ = {
			isa = PBXResourcesBuildPhase;
			buildActionMask = 2147483647;
			files = (
			);
			runOnlyForDeploymentPostprocessing = 0;
		};
		E4CBA0D22E334C7600B05A42 /* Resources */ = {
			isa = PBXResourcesBuildPhase;
			buildActionMask = 2147483647;
			files = (
			);
			runOnlyForDeploymentPostprocessing = 0;
		};
		E4CBA0DC2E334C7600B05A42 /* Resources */ = {
			isa = PBXResourcesBuildPhase;
			buildActionMask = 2147483647;
			files = (
			);
			runOnlyForDeploymentPostprocessing = 0;
		};
/* End PBXResourcesBuildPhase section */

/* Begin PBXSourcesBuildPhase section */
		E4CBA0BE2E334C7500B05A42 /* Sources */ = {
			isa = PBXSourcesBuildPhase;
			buildActionMask = 2147483647;
			files = (
			);
			runOnlyForDeploymentPostprocessing = 0;
		};
		E4CBA0D02E334C7600B05A42 /* Sources */ = {
			isa = PBXSourcesBuildPhase;
			buildActionMask = 2147483647;
			files = (
			);
			runOnlyForDeploymentPostprocessing = 0;
		};
		E4CBA0DA2E334C7600B05A42 /* Sources */ = {
			isa = PBXSourcesBuildPhase;
			buildActionMask = 2147483647;
			files = (
			);
			runOnlyForDeploymentPostprocessing = 0;
		};
/* End PBXSourcesBuildPhase section */

/* Begin PBXTargetDependency section */
		E4CBA0D62E334C7600B05A42 /* PBXTargetDependency */ = {
			isa = PBXTargetDependency;
			target = E4CBA0C12E334C7500B05A42 /* HealthGuide */;
			targetProxy = E4CBA0D52E334C7600B05A42 /* PBXContainerItemProxy */;
		};
		E4CBA0E02E334C7600B05A42 /* PBXTargetDependency */ = {
			isa = PBXTargetDependency;
			target = E4CBA0C12E334C7500B05A42 /* HealthGuide */;
			targetProxy = E4CBA0DF2E334C7600B05A42 /* PBXContainerItemProxy */;
		};
/* End PBXTargetDependency section */

/* Begin XCBuildConfiguration section */
		E4CBA0E62E334C7600B05A42 /* Debug */ = {
			isa = XCBuildConfiguration;
			baseConfigurationReferenceAnchor = E4CBA0C42E334C7500B05A42 /* HealthGuide */;
			baseConfigurationReferenceRelativePath = Configuration/Config.xcconfig;
			buildSettings = {
				ALWAYS_SEARCH_USER_PATHS = NO;
				ASSETCATALOG_COMPILER_GENERATE_SWIFT_ASSET_SYMBOL_EXTENSIONS = YES;
				CLANG_ANALYZER_NONNULL = YES;
				CLANG_ANALYZER_NUMBER_OBJECT_CONVERSION = YES_AGGRESSIVE;
				CLANG_CXX_LANGUAGE_STANDARD = "gnu++20";
				CLANG_ENABLE_MODULES = YES;
				CLANG_ENABLE_OBJC_ARC = YES;
				CLANG_ENABLE_OBJC_WEAK = YES;
				CLANG_WARN_BLOCK_CAPTURE_AUTORELEASING = YES;
				CLANG_WARN_BOOL_CONVERSION = YES;
				CLANG_WARN_COMMA = YES;
				CLANG_WARN_CONSTANT_CONVERSION = YES;
				CLANG_WARN_DEPRECATED_OBJC_IMPLEMENTATIONS = YES;
				CLANG_WARN_DIRECT_OBJC_ISA_USAGE = YES_ERROR;
				CLANG_WARN_DOCUMENTATION_COMMENTS = YES;
				CLANG_WARN_EMPTY_BODY = YES;
				CLANG_WARN_ENUM_CONVERSION = YES;
				CLANG_WARN_INFINITE_RECURSION = YES;
				CLANG_WARN_INT_CONVERSION = YES;
				CLANG_WARN_NON_LITERAL_NULL_CONVERSION = YES;
				CLANG_WARN_OBJC_IMPLICIT_RETAIN_SELF = YES;
				CLANG_WARN_OBJC_LITERAL_CONVERSION = YES;
				CLANG_WARN_OBJC_ROOT_CLASS = YES_ERROR;
				CLANG_WARN_QUOTED_INCLUDE_IN_FRAMEWORK_HEADER = YES;
				CLANG_WARN_RANGE_LOOP_ANALYSIS = YES;
				CLANG_WARN_STRICT_PROTOTYPES = YES;
				CLANG_WARN_SUSPICIOUS_MOVE = YES;
				CLANG_WARN_UNGUARDED_AVAILABILITY = YES_AGGRESSIVE;
				CLANG_WARN_UNREACHABLE_CODE = YES;
				CLANG_WARN__DUPLICATE_METHOD_MATCH = YES;
				COPY_PHASE_STRIP = NO;
				DEBUG_INFORMATION_FORMAT = dwarf;
				ENABLE_STRICT_OBJC_MSGSEND = YES;
				ENABLE_TESTABILITY = YES;
				ENABLE_USER_SCRIPT_SANDBOXING = YES;
				GCC_C_LANGUAGE_STANDARD = gnu17;
				GCC_DYNAMIC_NO_PIC = NO;
				GCC_NO_COMMON_BLOCKS = YES;
				GCC_OPTIMIZATION_LEVEL = 0;
				GCC_PREPROCESSOR_DEFINITIONS = (
					"DEBUG=1",
					"$(inherited)",
				);
				GCC_WARN_64_TO_32_BIT_CONVERSION = YES;
				GCC_WARN_ABOUT_RETURN_TYPE = YES_ERROR;
				GCC_WARN_UNDECLARED_SELECTOR = YES;
				GCC_WARN_UNINITIALIZED_AUTOS = YES_AGGRESSIVE;
				GCC_WARN_UNUSED_FUNCTION = YES;
				GCC_WARN_UNUSED_VARIABLE = YES;
				IPHONEOS_DEPLOYMENT_TARGET = 18.5;
				LOCALIZATION_PREFERS_STRING_CATALOGS = YES;
				MTL_ENABLE_DEBUG_INFO = INCLUDE_SOURCE;
				MTL_FAST_MATH = YES;
				ONLY_ACTIVE_ARCH = YES;
				SDKROOT = iphoneos;
				SWIFT_ACTIVE_COMPILATION_CONDITIONS = "DEBUG $(inherited)";
				SWIFT_OPTIMIZATION_LEVEL = "-Onone";
				SWIFT_VERSION = 6.0;
			};
			name = Debug;
		};
		E4CBA0E72E334C7600B05A42 /* Release */ = {
			isa = XCBuildConfiguration;
			baseConfigurationReferenceAnchor = E4CBA0C42E334C7500B05A42 /* HealthGuide */;
			baseConfigurationReferenceRelativePath = Configuration/Config.xcconfig;
			buildSettings = {
				ALWAYS_SEARCH_USER_PATHS = NO;
				ASSETCATALOG_COMPILER_GENERATE_SWIFT_ASSET_SYMBOL_EXTENSIONS = YES;
				CLANG_ANALYZER_NONNULL = YES;
				CLANG_ANALYZER_NUMBER_OBJECT_CONVERSION = YES_AGGRESSIVE;
				CLANG_CXX_LANGUAGE_STANDARD = "gnu++20";
				CLANG_ENABLE_MODULES = YES;
				CLANG_ENABLE_OBJC_ARC = YES;
				CLANG_ENABLE_OBJC_WEAK = YES;
				CLANG_WARN_BLOCK_CAPTURE_AUTORELEASING = YES;
				CLANG_WARN_BOOL_CONVERSION = YES;
				CLANG_WARN_COMMA = YES;
				CLANG_WARN_CONSTANT_CONVERSION = YES;
				CLANG_WARN_DEPRECATED_OBJC_IMPLEMENTATIONS = YES;
				CLANG_WARN_DIRECT_OBJC_ISA_USAGE = YES_ERROR;
				CLANG_WARN_DOCUMENTATION_COMMENTS = YES;
				CLANG_WARN_EMPTY_BODY = YES;
				CLANG_WARN_ENUM_CONVERSION = YES;
				CLANG_WARN_INFINITE_RECURSION = YES;
				CLANG_WARN_INT_CONVERSION = YES;
				CLANG_WARN_NON_LITERAL_NULL_CONVERSION = YES;
				CLANG_WARN_OBJC_IMPLICIT_RETAIN_SELF = YES;
				CLANG_WARN_OBJC_LITERAL_CONVERSION = YES;
				CLANG_WARN_OBJC_ROOT_CLASS = YES_ERROR;
				CLANG_WARN_QUOTED_INCLUDE_IN_FRAMEWORK_HEADER = YES;
				CLANG_WARN_RANGE_LOOP_ANALYSIS = YES;
				CLANG_WARN_STRICT_PROTOTYPES = YES;
				CLANG_WARN_SUSPICIOUS_MOVE = YES;
				CLANG_WARN_UNGUARDED_AVAILABILITY = YES_AGGRESSIVE;
				CLANG_WARN_UNREACHABLE_CODE = YES;
				CLANG_WARN__DUPLICATE_METHOD_MATCH = YES;
				COPY_PHASE_STRIP = NO;
				DEBUG_INFORMATION_FORMAT = "dwarf-with-dsym";
				ENABLE_NS_ASSERTIONS = NO;
				ENABLE_STRICT_OBJC_MSGSEND = YES;
				ENABLE_USER_SCRIPT_SANDBOXING = YES;
				GCC_C_LANGUAGE_STANDARD = gnu17;
				GCC_NO_COMMON_BLOCKS = YES;
				GCC_WARN_64_TO_32_BIT_CONVERSION = YES;
				GCC_WARN_ABOUT_RETURN_TYPE = YES_ERROR;
				GCC_WARN_UNDECLARED_SELECTOR = YES;
				GCC_WARN_UNINITIALIZED_AUTOS = YES_AGGRESSIVE;
				GCC_WARN_UNUSED_FUNCTION = YES;
				GCC_WARN_UNUSED_VARIABLE = YES;
				IPHONEOS_DEPLOYMENT_TARGET = 18.5;
				LOCALIZATION_PREFERS_STRING_CATALOGS = YES;
				MTL_ENABLE_DEBUG_INFO = NO;
				MTL_FAST_MATH = YES;
				SDKROOT = iphoneos;
				SWIFT_COMPILATION_MODE = wholemodule;
				SWIFT_VERSION = 6.0;
				VALIDATE_PRODUCT = YES;
			};
			name = Release;
		};
		E4CBA0E92E334C7600B05A42 /* Debug */ = {
			isa = XCBuildConfiguration;
			baseConfigurationReferenceAnchor = E4CBA0C42E334C7500B05A42 /* HealthGuide */;
			baseConfigurationReferenceRelativePath = Configuration/Config.xcconfig;
			buildSettings = {
				ASSETCATALOG_COMPILER_APPICON_NAME = AppIcon;
				ASSETCATALOG_COMPILER_GLOBAL_ACCENT_COLOR_NAME = AccentColor;
				ASSETCATALOG_COMPILER_INCLUDE_ALL_APPICON_ASSETS = YES;
				CODE_SIGN_ENTITLEMENTS = HealthGuide/HealthGuideDebug.entitlements;
				CODE_SIGN_IDENTITY = "Apple Development";
				CODE_SIGN_STYLE = Automatic;
				CURRENT_PROJECT_VERSION = 3;
				DEVELOPMENT_TEAM = X9DBV6C952;
				ENABLE_PREVIEWS = YES;
				GENERATE_INFOPLIST_FILE = YES;
				INFOPLIST_FILE = HealthGuide/Info.plist;
				INFOPLIST_KEY_CFBundleDisplayName = Careguide;
				INFOPLIST_KEY_ITSAppUsesNonExemptEncryption = NO;
				INFOPLIST_KEY_NSCameraUsageDescription = "Careguide uses the camera to scan medication barcodes and capture prescription information.";
				INFOPLIST_KEY_NSContactsUsageDescription = "Careguide accesses contacts to help you share health information with family members and caregivers.";
				INFOPLIST_KEY_NSFaceIDUsageDescription = "Careguide uses Face ID to secure your information and provide quick access to you.";
				INFOPLIST_KEY_NSHealthShareUsageDescription = "This app needs access to read your health data for medication tracking";
				INFOPLIST_KEY_NSHealthUpdateUsageDescription = "This app needs to save your medication and diet information";
				INFOPLIST_KEY_NSPhotoLibraryUsageDescription = "Careguide needs access to your photos to save and retrieve medication images and prescriptions.";
				INFOPLIST_KEY_NSSiriUsageDescription = "Use Siri to check medications, log doses, and get reminders about your health schedule.";
				INFOPLIST_KEY_UIApplicationSceneManifest_Generation = YES;
				INFOPLIST_KEY_UIApplicationSupportsIndirectInputEvents = YES;
				INFOPLIST_KEY_UILaunchScreen_Generation = YES;
				INFOPLIST_KEY_UIRequiredDeviceCapabilities = arm64;
				INFOPLIST_KEY_UISupportedInterfaceOrientations = "UIInterfaceOrientationLandscapeLeft UIInterfaceOrientationLandscapeRight UIInterfaceOrientationPortrait UIInterfaceOrientationPortraitUpsideDown";
				IPHONEOS_DEPLOYMENT_TARGET = 18.0;
				LD_RUNPATH_SEARCH_PATHS = (
					"$(inherited)",
					"@executable_path/Frameworks",
				);
				MARKETING_VERSION = 1.0;
				NEW_SETTING = "";
				PRODUCT_BUNDLE_IDENTIFIER = com.qashsolutions.HealthGuide;
				PRODUCT_NAME = "$(TARGET_NAME)";
				PROVISIONING_PROFILE_SPECIFIER = "";
				SUPPORTED_PLATFORMS = "iphoneos iphonesimulator";
				SUPPORTS_MACCATALYST = NO;
				SUPPORTS_MAC_DESIGNED_FOR_IPHONE_IPAD = NO;
				SUPPORTS_XR_DESIGNED_FOR_IPHONE_IPAD = NO;
				SWIFT_EMIT_LOC_STRINGS = YES;
				SWIFT_VERSION = 6.0;
				TARGETED_DEVICE_FAMILY = 1;
			};
			name = Debug;
		};
		E4CBA0EA2E334C7600B05A42 /* Release */ = {
			isa = XCBuildConfiguration;
			baseConfigurationReferenceAnchor = E4CBA0C42E334C7500B05A42 /* HealthGuide */;
			baseConfigurationReferenceRelativePath = Configuration/Config.xcconfig;
			buildSettings = {
				ASSETCATALOG_COMPILER_APPICON_NAME = AppIcon;
				ASSETCATALOG_COMPILER_GLOBAL_ACCENT_COLOR_NAME = AccentColor;
				ASSETCATALOG_COMPILER_INCLUDE_ALL_APPICON_ASSETS = YES;
				CODE_SIGN_ENTITLEMENTS = HealthGuide/HealthGuide.entitlements;
				CODE_SIGN_IDENTITY = "Apple Development";
				CODE_SIGN_STYLE = Automatic;
				CURRENT_PROJECT_VERSION = 3;
				DEVELOPMENT_TEAM = X9DBV6C952;
				ENABLE_PREVIEWS = YES;
				GENERATE_INFOPLIST_FILE = YES;
				INFOPLIST_FILE = HealthGuide/Info.plist;
				INFOPLIST_KEY_CFBundleDisplayName = Careguide;
				INFOPLIST_KEY_ITSAppUsesNonExemptEncryption = NO;
				INFOPLIST_KEY_NSCameraUsageDescription = "Careguide uses the camera to scan medication barcodes and capture prescription information.";
				INFOPLIST_KEY_NSContactsUsageDescription = "Careguide accesses contacts to help you share health information with family members and caregivers.";
				INFOPLIST_KEY_NSFaceIDUsageDescription = "Careguide uses Face ID to secure your information and provide quick access to you.";
				INFOPLIST_KEY_NSHealthShareUsageDescription = "This app needs access to read your health data for medication tracking";
				INFOPLIST_KEY_NSHealthUpdateUsageDescription = "This app needs to save your medication and diet information";
				INFOPLIST_KEY_NSPhotoLibraryUsageDescription = "Careguide needs access to your photos to save and retrieve medication images and prescriptions.";
				INFOPLIST_KEY_NSSiriUsageDescription = "Use Siri to check medications, log doses, and get reminders about your health schedule.";
				INFOPLIST_KEY_UIApplicationSceneManifest_Generation = YES;
				INFOPLIST_KEY_UIApplicationSupportsIndirectInputEvents = YES;
				INFOPLIST_KEY_UILaunchScreen_Generation = YES;
				INFOPLIST_KEY_UIRequiredDeviceCapabilities = arm64;
				INFOPLIST_KEY_UISupportedInterfaceOrientations = "UIInterfaceOrientationLandscapeLeft UIInterfaceOrientationLandscapeRight UIInterfaceOrientationPortrait UIInterfaceOrientationPortraitUpsideDown";
				IPHONEOS_DEPLOYMENT_TARGET = 18.0;
				LD_RUNPATH_SEARCH_PATHS = (
					"$(inherited)",
					"@executable_path/Frameworks",
				);
				MARKETING_VERSION = 1.0;
				NEW_SETTING = "";
				PRODUCT_BUNDLE_IDENTIFIER = com.qashsolutions.HealthGuide;
				PRODUCT_NAME = "$(TARGET_NAME)";
				PROVISIONING_PROFILE_SPECIFIER = "";
				SUPPORTED_PLATFORMS = "iphoneos iphonesimulator";
				SUPPORTS_MACCATALYST = NO;
				SUPPORTS_MAC_DESIGNED_FOR_IPHONE_IPAD = NO;
				SUPPORTS_XR_DESIGNED_FOR_IPHONE_IPAD = NO;
				SWIFT_EMIT_LOC_STRINGS = YES;
				SWIFT_VERSION = 6.0;
				TARGETED_DEVICE_FAMILY = 1;
			};
			name = Release;
		};
		E4CBA0EC2E334C7600B05A42 /* Debug */ = {
			isa = XCBuildConfiguration;
			buildSettings = {
				BUNDLE_LOADER = "$(TEST_HOST)";
				CODE_SIGN_STYLE = Automatic;
				CURRENT_PROJECT_VERSION = 1;
				GENERATE_INFOPLIST_FILE = YES;
				IPHONEOS_DEPLOYMENT_TARGET = 18.5;
				MARKETING_VERSION = 1.0;
				PRODUCT_BUNDLE_IDENTIFIER = com.medicationmanager.HealthGuideTests;
				PRODUCT_NAME = "$(TARGET_NAME)";
				SWIFT_EMIT_LOC_STRINGS = NO;
				SWIFT_VERSION = 5.0;
				TARGETED_DEVICE_FAMILY = "1,2";
				TEST_HOST = "$(BUILT_PRODUCTS_DIR)/HealthGuide.app/$(BUNDLE_EXECUTABLE_FOLDER_PATH)/HealthGuide";
			};
			name = Debug;
		};
		E4CBA0ED2E334C7600B05A42 /* Release */ = {
			isa = XCBuildConfiguration;
			buildSettings = {
				BUNDLE_LOADER = "$(TEST_HOST)";
				CODE_SIGN_STYLE = Automatic;
				CURRENT_PROJECT_VERSION = 1;
				DEVELOPMENT_TEAM = X9DBV6C952;
				GENERATE_INFOPLIST_FILE = YES;
				IPHONEOS_DEPLOYMENT_TARGET = 18.5;
				MARKETING_VERSION = 1.0;
				PRODUCT_BUNDLE_IDENTIFIER = com.medicationmanager.HealthGuideTests;
				PRODUCT_NAME = "$(TARGET_NAME)";
				SWIFT_EMIT_LOC_STRINGS = NO;
				SWIFT_VERSION = 5.0;
				TARGETED_DEVICE_FAMILY = "1,2";
				TEST_HOST = "$(BUILT_PRODUCTS_DIR)/HealthGuide.app/$(BUNDLE_EXECUTABLE_FOLDER_PATH)/HealthGuide";
			};
			name = Release;
		};
		E4CBA0EF2E334C7600B05A42 /* Debug */ = {
			isa = XCBuildConfiguration;
			buildSettings = {
				CODE_SIGN_STYLE = Automatic;
				CURRENT_PROJECT_VERSION = 1;
				GENERATE_INFOPLIST_FILE = YES;
				MARKETING_VERSION = 1.0;
				PRODUCT_BUNDLE_IDENTIFIER = com.medicationmanager.HealthGuideUITests;
				PRODUCT_NAME = "$(TARGET_NAME)";
				SWIFT_EMIT_LOC_STRINGS = NO;
				SWIFT_VERSION = 5.0;
				TARGETED_DEVICE_FAMILY = "1,2";
				TEST_TARGET_NAME = HealthGuide;
			};
			name = Debug;
		};
		E4CBA0F02E334C7600B05A42 /* Release */ = {
			isa = XCBuildConfiguration;
			buildSettings = {
				CODE_SIGN_STYLE = Automatic;
				CURRENT_PROJECT_VERSION = 1;
				DEVELOPMENT_TEAM = X9DBV6C952;
				GENERATE_INFOPLIST_FILE = YES;
				MARKETING_VERSION = 1.0;
				PRODUCT_BUNDLE_IDENTIFIER = com.medicationmanager.HealthGuideUITests;
				PRODUCT_NAME = "$(TARGET_NAME)";
				SWIFT_EMIT_LOC_STRINGS = NO;
				SWIFT_VERSION = 5.0;
				TARGETED_DEVICE_FAMILY = "1,2";
				TEST_TARGET_NAME = HealthGuide;
			};
			name = Release;
		};
/* End XCBuildConfiguration section */

/* Begin XCConfigurationList section */
		E4CBA0BD2E334C7500B05A42 /* Build configuration list for PBXProject "HealthGuide" */ = {
			isa = XCConfigurationList;
			buildConfigurations = (
				E4CBA0E62E334C7600B05A42 /* Debug */,
				E4CBA0E72E334C7600B05A42 /* Release */,
			);
			defaultConfigurationIsVisible = 0;
			defaultConfigurationName = Release;
		};
		E4CBA0E82E334C7600B05A42 /* Build configuration list for PBXNativeTarget "HealthGuide" */ = {
			isa = XCConfigurationList;
			buildConfigurations = (
				E4CBA0E92E334C7600B05A42 /* Debug */,
				E4CBA0EA2E334C7600B05A42 /* Release */,
			);
			defaultConfigurationIsVisible = 0;
			defaultConfigurationName = Release;
		};
		E4CBA0EB2E334C7600B05A42 /* Build configuration list for PBXNativeTarget "HealthGuideTests" */ = {
			isa = XCConfigurationList;
			buildConfigurations = (
				E4CBA0EC2E334C7600B05A42 /* Debug */,
				E4CBA0ED2E334C7600B05A42 /* Release */,
			);
			defaultConfigurationIsVisible = 0;
			defaultConfigurationName = Release;
		};
		E4CBA0EE2E334C7600B05A42 /* Build configuration list for PBXNativeTarget "HealthGuideUITests" */ = {
			isa = XCConfigurationList;
			buildConfigurations = (
				E4CBA0EF2E334C7600B05A42 /* Debug */,
				E4CBA0F02E334C7600B05A42 /* Release */,
			);
			defaultConfigurationIsVisible = 0;
			defaultConfigurationName = Release;
		};
/* End XCConfigurationList section */

/* Begin XCRemoteSwiftPackageReference section */
		E47D90572E412287005A0292 /* XCRemoteSwiftPackageReference "stripe-ios" */ = {
			isa = XCRemoteSwiftPackageReference;
			repositoryURL = "https://github.com/stripe/stripe-ios";
			requirement = {
				kind = upToNextMajorVersion;
				minimumVersion = 24.18.1;
			};
		};
		E4A7ED122E55121C006249A1 /* XCRemoteSwiftPackageReference "firebase-ios-sdk" */ = {
			isa = XCRemoteSwiftPackageReference;
			repositoryURL = "https://github.com/firebase/firebase-ios-sdk";
			requirement = {
				kind = upToNextMajorVersion;
				minimumVersion = 12.1.0;
			};
		};
/* End XCRemoteSwiftPackageReference section */

/* Begin XCSwiftPackageProductDependency section */
		E47D90582E412287005A0292 /* Stripe */ = {
			isa = XCSwiftPackageProductDependency;
			package = E47D90572E412287005A0292 /* XCRemoteSwiftPackageReference "stripe-ios" */;
			productName = Stripe;
		};
		E47D905A2E412287005A0292 /* StripeApplePay */ = {
			isa = XCSwiftPackageProductDependency;
			package = E47D90572E412287005A0292 /* XCRemoteSwiftPackageReference "stripe-ios" */;
			productName = StripeApplePay;
		};
		E4A7ED1D2E55189E006249A1 /* FirebaseFirestore */ = {
			isa = XCSwiftPackageProductDependency;
			package = E4A7ED122E55121C006249A1 /* XCRemoteSwiftPackageReference "firebase-ios-sdk" */;
			productName = FirebaseFirestore;
		};
		E4A7ED1F2E5518A9006249A1 /* FirebaseAuth */ = {
			isa = XCSwiftPackageProductDependency;
			package = E4A7ED122E55121C006249A1 /* XCRemoteSwiftPackageReference "firebase-ios-sdk" */;
			productName = FirebaseAuth;
		};
		E4A7ED392E581831006249A1 /* FirebaseStorage */ = {
			isa = XCSwiftPackageProductDependency;
			package = E4A7ED122E55121C006249A1 /* XCRemoteSwiftPackageReference "firebase-ios-sdk" */;
			productName = FirebaseStorage;
		};
/* End XCSwiftPackageProductDependency section */
	};
	rootObject = E4CBA0BA2E334C7500B05A42 /* Project object */;
}
